
Microsoft Visual Studio Solution File, Format Version 12.00
# Visual Studio Version 17
VisualStudioVersion = 17.10.35027.167
MinimumVisualStudioVersion = 10.0.40219.1
Project("{9A19103F-16F7-4668-BE54-9A1E7A4F7556}") = "VectorIndexScenarioSuite", "VectorIndexScenarioSuite.csproj", "{888393AA-313B-4C88-8AEF-50DEF6B01C96}"
EndProject
Project("{9A19103F-16F7-4668-BE54-9A1E7A4F7556}") = "VectorIndexScenarioSuite.Tests", "VectorIndexScenarioSuite.Tests.csproj", "{A1B2C3D4-E5F6-7890-1234-56789ABCDEF0}"
EndProject
Global
	GlobalSection(SolutionConfigurationPlatforms) = preSolution
		Debug|Any CPU = Debug|Any CPU
		Release|Any CPU = Release|Any CPU
	EndGlobalSection
	GlobalSection(ProjectConfigurationPlatforms) = postSolution
		{888393AA-313B-4C88-8AEF-50DEF6B01C96}.Debug|Any CPU.ActiveCfg = Debug|Any CPU
		{888393AA-313B-4C88-8AEF-50DEF6B01C96}.Debug|Any CPU.Build.0 = Debug|Any CPU
		{888393AA-313B-4C88-8AEF-50DEF6B01C96}.Release|Any CPU.ActiveCfg = Release|Any CPU
		{888393AA-313B-4C88-8AEF-50DEF6B01C96}.Release|Any CPU.Build.0 = Release|Any CPU
		{A1B2C3D4-E5F6-7890-1234-56789ABCDEF0}.Debug|Any CPU.ActiveCfg = Debug|Any CPU
		{A1B2C3D4-E5F6-7890-1234-56789ABCDEF0}.Debug|Any CPU.Build.0 = Debug|Any CPU
		{A1B2C3D4-E5F6-7890-1234-56789ABCDEF0}.Release|Any CPU.ActiveCfg = Release|Any CPU
		{A1B2C3D4-E5F6-7890-1234-56789ABCDEF0}.Release|Any CPU.Build.0 = Release|Any CPU
	EndGlobalSection
	GlobalSection(SolutionProperties) = preSolution
		HideSolutionNode = FALSE
	EndGlobalSection
	GlobalSection(ExtensibilityGlobals) = postSolution
		SolutionGuid = {ACE5037F-3A15-4CA8-B155-1355E0440D9B}
	EndGlobalSection
EndGlobal
